
Microsoft Visual Studio Solution File, Format Version 12.00
# Visual Studio Version 16
VisualStudioVersion = 16.0.32510.428
MinimumVisualStudioVersion = 10.0.40219.1
Project("{FAE04EC0-301F-11D3-BF4B-00C04F79EFBC}") = "ArraysDemo", "ArraysDemo\ArraysDemo.csproj", "{2C7FA3C9-77B9-4EDA-A164-E25ABBD411DD}"
EndProject
Global
	GlobalSection(SolutionConfigurationPlatforms) = preSolution
		Debug|Any CPU = Debug|Any CPU
		Release|Any CPU = Release|Any CPU
	EndGlobalSection
	GlobalSection(ProjectConfigurationPlatforms) = postSolution
		{2C7FA3C9-77B9-4EDA-A164-E25ABBD411DD}.Debug|Any CPU.ActiveCfg = Debug|Any CPU
		{2C7FA3C9-77B9-4EDA-A164-E25ABBD411DD}.Debug|Any CPU.Build.0 = Debug|Any CPU
		{2C7FA3C9-77B9-4EDA-A164-E25ABBD411DD}.Release|Any CPU.ActiveCfg = Release|Any CPU
		{2C7FA3C9-77B9-4EDA-A164-E25ABBD411DD}.Release|Any CPU.Build.0 = Release|Any CPU
	EndGlobalSection
	GlobalSection(SolutionProperties) = preSolution
		HideSolutionNode = FALSE
	EndGlobalSection
	GlobalSection(ExtensibilityGlobals) = postSolution
		SolutionGuid = {DD93A72E-67D3-4937-AB56-0B03119174E3}
	EndGlobalSection
EndGlobal
